Microsoft Visual Studio Solution File, Format Version 12.00
# Visual Studio Version 17
VisualStudioVersion = 17.0.31919.166
MinimumVisualStudioVersion = 10.0.40219.1
Project("{9A19103F-16F7-4668-BE54-9A1E7A4F7556}") = "UiThemeFactory", "UI\CrossPlatform\After\UiThemeFactory.csproj", "{55555555-5555-5555-5555-555555555551}"
EndProject
Project("{9A19103F-16F7-4668-BE54-9A1E7A4F7556}") = "UiThemeTests", "UI\CrossPlatform\After\Tests\UiThemeTests.csproj", "{55555555-5555-5555-5555-555555555552}"
EndProject
Project("{9A19103F-16F7-4668-BE54-9A1E7A4F7556}") = "MobileApiFactory", "Mobile\Platforms\After\MobileApiFactory.csproj", "{55555555-5555-5555-5555-555555555553}"
EndProject
Project("{9A19103F-16F7-4668-BE54-9A1E7A4F7556}") = "MobileApiTests", "Mobile\Platforms\After\Tests\MobileApiTests.csproj", "{55555555-5555-5555-5555-555555555554}"
EndProject
Project("{9A19103F-16F7-4668-BE54-9A1E7A4F7556}") = "DatabaseFactory", "Database\MultiDb\After\DatabaseFactory.csproj", "{55555555-5555-5555-5555-555555555555}"
EndProject
Project("{9A19103F-16F7-4668-BE54-9A1E7A4F7556}") = "DatabaseTests", "Database\MultiDb\After\Tests\DatabaseTests.csproj", "{55555555-5555-5555-5555-555555555556}"
EndProject
Project("{9A19103F-16F7-4668-BE54-9A1E7A4F7556}") = "GameConsoleFactory", "Gaming\Consoles\After\GameConsoleFactory.csproj", "{55555555-5555-5555-5555-555555555557}"
EndProject
Project("{9A19103F-16F7-4668-BE54-9A1E7A4F7556}") = "ConsoleTests", "Gaming\Consoles\After\Tests\ConsoleTests.csproj", "{55555555-5555-5555-5555-555555555558}"
EndProject
Project("{9A19103F-16F7-4668-BE54-9A1E7A4F7556}") = "PaymentGatewayFactory", "Payment\Gateways\After\PaymentGatewayFactory.csproj", "{55555555-5555-5555-5555-555555555559}"
EndProject
Project("{9A19103F-16F7-4668-BE54-9A1E7A4F7556}") = "PaymentTests", "Payment\Gateways\After\Tests\PaymentTests.csproj", "{55555555-5555-5555-5555-55555555555A}"
EndProject
Global
	GlobalSection(SolutionConfigurationPlatforms) = preSolution
		Debug|Any CPU = Debug|Any CPU
		Release|Any CPU = Release|Any CPU
	EndGlobalSection
	GlobalSection(ProjectConfigurationPlatforms) = postSolution
		{55555555-5555-5555-5555-555555555551}.Debug|Any CPU.ActiveCfg = Debug|Any CPU
		{55555555-5555-5555-5555-555555555551}.Debug|Any CPU.Build.0 = Debug|Any CPU
		{55555555-5555-5555-5555-555555555552}.Debug|Any CPU.ActiveCfg = Debug|Any CPU
		{55555555-5555-5555-5555-555555555552}.Debug|Any CPU.Build.0 = Debug|Any CPU
		{55555555-5555-5555-5555-555555555553}.Debug|Any CPU.ActiveCfg = Debug|Any CPU
		{55555555-5555-5555-5555-555555555553}.Debug|Any CPU.Build.0 = Debug|Any CPU
		{55555555-5555-5555-5555-555555555554}.Debug|Any CPU.ActiveCfg = Debug|Any CPU
		{55555555-5555-5555-5555-555555555554}.Debug|Any CPU.Build.0 = Debug|Any CPU
		{55555555-5555-5555-5555-555555555555}.Debug|Any CPU.ActiveCfg = Debug|Any CPU
		{55555555-5555-5555-5555-555555555555}.Debug|Any CPU.Build.0 = Debug|Any CPU
		{55555555-5555-5555-5555-555555555556}.Debug|Any CPU.ActiveCfg = Debug|Any CPU
		{55555555-5555-5555-5555-555555555556}.Debug|Any CPU.Build.0 = Debug|Any CPU
		{55555555-5555-5555-5555-555555555557}.Debug|Any CPU.ActiveCfg = Debug|Any CPU
		{55555555-5555-5555-5555-555555555557}.Debug|Any CPU.Build.0 = Debug|Any CPU
		{55555555-5555-5555-5555-555555555558}.Debug|Any CPU.ActiveCfg = Debug|Any CPU
		{55555555-5555-5555-5555-555555555558}.Debug|Any CPU.Build.0 = Debug|Any CPU
		{55555555-5555-5555-5555-555555555559}.Debug|Any CPU.ActiveCfg = Debug|Any CPU
		{55555555-5555-5555-5555-555555555559}.Debug|Any CPU.Build.0 = Debug|Any CPU
		{55555555-5555-5555-5555-55555555555A}.Debug|Any CPU.ActiveCfg = Debug|Any CPU
		{55555555-5555-5555-5555-55555555555A}.Debug|Any CPU.Build.0 = Debug|Any CPU
	EndGlobalSection
EndGlobal
